<?xml version="1.0" encoding="utf-8"?>
<Project ToolsVersion="4.0" xmlns="http://schemas.microsoft.com/developer/msbuild/2003">
  <ItemGroup>
    <Filter Include="소스 파일">
      <UniqueIdentifier>{4FC737F1-C7A5-4376-A066-2A32D752A2FF}</UniqueIdentifier>
      <Extensions>cpp;c;cc;cxx;c++;cppm;ixx;def;odl;idl;hpj;bat;asm;asmx</Extensions>
    </Filter>
    <Filter Include="헤더 파일">
      <UniqueIdentifier>{93995380-89BD-4b04-88EB-625FBE52EBFB}</UniqueIdentifier>
      <Extensions>h;hh;hpp;hxx;h++;hm;inl;inc;ipp;xsd</Extensions>
    </Filter>
    <Filter Include="리소스 파일">
      <UniqueIdentifier>{67DA6AB6-F800-4c08-8B7A-83BB121AAD01}</UniqueIdentifier>
      <Extensions>rc;ico;cur;bmp;dlg;rc2;rct;bin;rgs;gif;jpg;jpeg;jpe;resx;tiff;tif;png;wav;mfcribbon-ms</Extensions>
    </Filter>
  </ItemGroup>
  <ItemGroup>
    <ClCompile Include="main.cpp">
      <Filter>소스 파일</Filter>
    </ClCompile>
    <ClCompile Include="Math\Mat4.cpp">
      <Filter>소스 파일</Filter>
    </ClCompile>
    <ClCompile Include="Math\Vec3.cpp">
      <Filter>소스 파일</Filter>
    </ClCompile>
    <ClCompile Include="Util\shader.cpp">
      <Filter>소스 파일</Filter>
    </ClCompile>
    <ClCompile Include="Util\IO.cpp">
      <Filter>소스 파일</Filter>
    </ClCompile>
    <ClCompile Include="DataTypes\mesh.cpp">
      <Filter>소스 파일</Filter>
    </ClCompile>
    <ClCompile Include="DataTypes\cam.cpp">
      <Filter>소스 파일</Filter>
    </ClCompile>
    <ClCompile Include="glad.c">
      <Filter>소스 파일</Filter>
    </ClCompile>
    <ClCompile Include="DataTypes\object_base.cpp">
      <Filter>소스 파일</Filter>
    </ClCompile>
  </ItemGroup>
  <ItemGroup>
    <ClInclude Include="Math\YAMath.h">
      <Filter>헤더 파일</Filter>
    </ClInclude>
    <ClInclude Include="Math\Vec3.h">
      <Filter>헤더 파일</Filter>
    </ClInclude>
    <ClInclude Include="Math\Mat4.h">
      <Filter>헤더 파일</Filter>
    </ClInclude>
    <ClInclude Include="Util\shader.h">
      <Filter>헤더 파일</Filter>
    </ClInclude>
    <ClInclude Include="Util\FrameChecker.h">
      <Filter>헤더 파일</Filter>
    </ClInclude>
    <ClInclude Include="DataTypes\struct.h">
      <Filter>헤더 파일</Filter>
    </ClInclude>
    <ClInclude Include="Util\IO.h">
      <Filter>헤더 파일</Filter>
    </ClInclude>
    <ClInclude Include="DataTypes\mesh.h">
      <Filter>헤더 파일</Filter>
    </ClInclude>
    <ClInclude Include="DataTypes\hash.h">
      <Filter>헤더 파일</Filter>
    </ClInclude>
    <ClInclude Include="DataTypes\cam.h">
      <Filter>헤더 파일</Filter>
    </ClInclude>
    <ClInclude Include="Util\fps_control.h">
      <Filter>헤더 파일</Filter>
    </ClInclude>
    <ClInclude Include="DataTypes\object_base.h">
      <Filter>헤더 파일</Filter>
    </ClInclude>
    <ClInclude Include="Util\shared_mem.h">
      <Filter>헤더 파일</Filter>
    </ClInclude>
    <ClInclude Include="DataTypes\object.h">
      <Filter>헤더 파일</Filter>
    </ClInclude>
  </ItemGroup>
</Project>